
Microsoft Visual Studio Solution File, Format Version 12.00
# Visual Studio Version 16
VisualStudioVersion = 16.0.29215.179
MinimumVisualStudioVersion = 10.0.40219.1
Project("{9092AA53-FB77-4645-B42D-1CCCA6BD08BD}") = "rScout2019.55", "rScout2019.55.njsproj", "{267E533F-4D68-4AB1-AF05-12FEE7D4FCCD}"
EndProject
Global
	GlobalSection(SolutionConfigurationPlatforms) = preSolution
		Debug|Any CPU = Debug|Any CPU
		Release|Any CPU = Release|Any CPU
	EndGlobalSection
	GlobalSection(ProjectConfigurationPlatforms) = postSolution
		{267E533F-4D68-4AB1-AF05-12FEE7D4FCCD}.Debug|Any CPU.ActiveCfg = Debug|Any CPU
		{267E533F-4D68-4AB1-AF05-12FEE7D4FCCD}.Debug|Any CPU.Build.0 = Debug|Any CPU
		{267E533F-4D68-4AB1-AF05-12FEE7D4FCCD}.Release|Any CPU.ActiveCfg = Release|Any CPU
		{267E533F-4D68-4AB1-AF05-12FEE7D4FCCD}.Release|Any CPU.Build.0 = Release|Any CPU
	EndGlobalSection
	GlobalSection(SolutionProperties) = preSolution
		HideSolutionNode = FALSE
	EndGlobalSection
	GlobalSection(ExtensibilityGlobals) = postSolution
		SolutionGuid = {36AD6276-857D-4CB3-ACA7-239FF880C92D}
	EndGlobalSection
EndGlobal
